
Microsoft Visual Studio Solution File, Format Version 11.00
# Visual Studio 2010
Project("{FAE04EC0-301F-11D3-BF4B-00C04F79EFBC}") = "PhanSo", "PhanSo.csproj", "{A9EECE8E-BB81-463E-8FDE-242216B9E747}"
EndProject
Project("{FAE04EC0-301F-11D3-BF4B-00C04F79EFBC}") = "PhanSoTester", "..\PhanSoTester\PhanSoTester.csproj", "{5FDA412B-C1EC-4220-9E14-9D336214E470}"
EndProject
Project("{2150E333-8FDC-42A3-9474-1A3956D46DE8}") = "Solution Items", "Solution Items", "{1386C43C-8CE5-4A06-B38B-732B7C798CF8}"
	ProjectSection(SolutionItems) = preProject
		Local.testsettings = Local.testsettings
		PhanSo.vsmdi = PhanSo.vsmdi
		TraceAndTestImpact.testsettings = TraceAndTestImpact.testsettings
	EndProjectSection
EndProject
Global
	GlobalSection(TestCaseManagementSettings) = postSolution
		CategoryFile = PhanSo.vsmdi
	EndGlobalSection
	GlobalSection(SolutionConfigurationPlatforms) = preSolution
		Debug|Any CPU = Debug|Any CPU
		Debug|Mixed Platforms = Debug|Mixed Platforms
		Debug|x86 = Debug|x86
		Release|Any CPU = Release|Any CPU
		Release|Mixed Platforms = Release|Mixed Platforms
		Release|x86 = Release|x86
	EndGlobalSection
	GlobalSection(ProjectConfigurationPlatforms) = postSolution
		{A9EECE8E-BB81-463E-8FDE-242216B9E747}.Debug|Any CPU.ActiveCfg = Debug|x86
		{A9EECE8E-BB81-463E-8FDE-242216B9E747}.Debug|Mixed Platforms.ActiveCfg = Debug|x86
		{A9EECE8E-BB81-463E-8FDE-242216B9E747}.Debug|Mixed Platforms.Build.0 = Debug|x86
		{A9EECE8E-BB81-463E-8FDE-242216B9E747}.Debug|x86.ActiveCfg = Debug|x86
		{A9EECE8E-BB81-463E-8FDE-242216B9E747}.Debug|x86.Build.0 = Debug|x86
		{A9EECE8E-BB81-463E-8FDE-242216B9E747}.Release|Any CPU.ActiveCfg = Release|x86
		{A9EECE8E-BB81-463E-8FDE-242216B9E747}.Release|Mixed Platforms.ActiveCfg = Release|x86
		{A9EECE8E-BB81-463E-8FDE-242216B9E747}.Release|Mixed Platforms.Build.0 = Release|x86
		{A9EECE8E-BB81-463E-8FDE-242216B9E747}.Release|x86.ActiveCfg = Release|x86
		{A9EECE8E-BB81-463E-8FDE-242216B9E747}.Release|x86.Build.0 = Release|x86
		{5FDA412B-C1EC-4220-9E14-9D336214E470}.Debug|Any CPU.ActiveCfg = Debug|Any CPU
		{5FDA412B-C1EC-4220-9E14-9D336214E470}.Debug|Any CPU.Build.0 = Debug|Any CPU
		{5FDA412B-C1EC-4220-9E14-9D336214E470}.Debug|Mixed Platforms.ActiveCfg = Debug|Any CPU
		{5FDA412B-C1EC-4220-9E14-9D336214E470}.Debug|Mixed Platforms.Build.0 = Debug|Any CPU
		{5FDA412B-C1EC-4220-9E14-9D336214E470}.Debug|x86.ActiveCfg = Debug|Any CPU
		{5FDA412B-C1EC-4220-9E14-9D336214E470}.Release|Any CPU.ActiveCfg = Release|Any CPU
		{5FDA412B-C1EC-4220-9E14-9D336214E470}.Release|Any CPU.Build.0 = Release|Any CPU
		{5FDA412B-C1EC-4220-9E14-9D336214E470}.Release|Mixed Platforms.ActiveCfg = Release|Any CPU
		{5FDA412B-C1EC-4220-9E14-9D336214E470}.Release|Mixed Platforms.Build.0 = Release|Any CPU
		{5FDA412B-C1EC-4220-9E14-9D336214E470}.Release|x86.ActiveCfg = Release|Any CPU
	EndGlobalSection
	GlobalSection(SolutionProperties) = preSolution
		HideSolutionNode = FALSE
	EndGlobalSection
EndGlobal
